// !$*UTF8*$!
{
	archiveVersion = 1;
	classes = {
	};
	objectVersion = 50;
	objects = {

/* Begin PBXBuildFile section */
		7967D0C6D40EE294785400B3 /* Pods_NokhbitElkhsm.framework in Frameworks */ = {isa = PBXBuildFile; fileRef = 4D75DD34ECCB0E725941CEB7 /* Pods_NokhbitElkhsm.framework */; };
		D9DCBC0221EBCA6400D3CC2D /* AppDelegate.swift in Sources */ = {isa = PBXBuildFile; fileRef = D9DCBC0121EBCA6400D3CC2D /* AppDelegate.swift */; };
		D9DCBC0421EBCA6400D3CC2D /* ViewController.swift in Sources */ = {isa = PBXBuildFile; fileRef = D9DCBC0321EBCA6400D3CC2D /* ViewController.swift */; };
		D9DCBC0721EBCA6400D3CC2D /* Main.storyboard in Resources */ = {isa = PBXBuildFile; fileRef = D9DCBC0521EBCA6400D3CC2D /* Main.storyboard */; };
		D9DCBC0921EBCA6800D3CC2D /* Assets.xcassets in Resources */ = {isa = PBXBuildFile; fileRef = D9DCBC0821EBCA6800D3CC2D /* Assets.xcassets */; };
		D9DCBC0C21EBCA6800D3CC2D /* LaunchScreen.storyboard in Resources */ = {isa = PBXBuildFile; fileRef = D9DCBC0A21EBCA6800D3CC2D /* LaunchScreen.storyboard */; };
/* End PBXBuildFile section */

/* Begin PBXFileReference section */
		3A2F1933F87341483744E90A /* Pods-NokhbitElkhsm.release.xcconfig */ = {isa = PBXFileReference; includeInIndex = 1; lastKnownFileType = text.xcconfig; name = "Pods-NokhbitElkhsm.release.xcconfig"; path = "Pods/Target Support Files/Pods-NokhbitElkhsm/Pods-NokhbitElkhsm.release.xcconfig"; sourceTree = "<group>"; };
		4D75DD34ECCB0E725941CEB7 /* Pods_NokhbitElkhsm.framework */ = {isa = PBXFileReference; explicitFileType = wrapper.framework; includeInIndex = 0; path = Pods_NokhbitElkhsm.framework; sourceTree = BUILT_PRODUCTS_DIR; };
		96CD269E91042E48DC67D1A3 /* Pods-NokhbitElkhsm.debug.xcconfig */ = {isa = PBXFileReference; includeInIndex = 1; lastKnownFileType = text.xcconfig; name = "Pods-NokhbitElkhsm.debug.xcconfig"; path = "Pods/Target Support Files/Pods-NokhbitElkhsm/Pods-NokhbitElkhsm.debug.xcconfig"; sourceTree = "<group>"; };
		D9DCBBFE21EBCA6400D3CC2D /* NokhbitElkhsm.app */ = {isa = PBXFileReference; explicitFileType = wrapper.application; includeInIndex = 0; path = NokhbitElkhsm.app; sourceTree = BUILT_PRODUCTS_DIR; };
		D9DCBC0121EBCA6400D3CC2D /* AppDelegate.swift */ = {isa = PBXFileReference; lastKnownFileType = sourcecode.swift; path = AppDelegate.swift; sourceTree = "<group>"; };
		D9DCBC0321EBCA6400D3CC2D /* ViewController.swift */ = {isa = PBXFileReference; lastKnownFileType = sourcecode.swift; path = ViewController.swift; sourceTree = "<group>"; };
		D9DCBC0621EBCA6400D3CC2D /* Base */ = {isa = PBXFileReference; lastKnownFileType = file.storyboard; name = Base; path = Base.lproj/Main.storyboard; sourceTree = "<group>"; };
		D9DCBC0821EBCA6800D3CC2D /* Assets.xcassets */ = {isa = PBXFileReference; lastKnownFileType = folder.assetcatalog; path = Assets.xcassets; sourceTree = "<group>"; };
		D9DCBC0B21EBCA6800D3CC2D /* Base */ = {isa = PBXFileReference; lastKnownFileType = file.storyboard; name = Base; path = Base.lproj/LaunchScreen.storyboard; sourceTree = "<group>"; };
		D9DCBC0D21EBCA6800D3CC2D /* Info.plist */ = {isa = PBXFileReference; lastKnownFileType = text.plist.xml; path = Info.plist; sourceTree = "<group>"; };
/* End PBXFileReference section */

/* Begin PBXFrameworksBuildPhase section */
		D9DCBBFB21EBCA6400D3CC2D /* Frameworks */ = {
			isa = PBXFrameworksBuildPhase;
			buildActionMask = 2147483647;
			files = (
				7967D0C6D40EE294785400B3 /* Pods_NokhbitElkhsm.framework in Frameworks */,
			);
			runOnlyForDeploymentPostprocessing = 0;
		};
/* End PBXFrameworksBuildPhase section */

/* Begin PBXGroup section */
		0537B1223E7563F4CDFF7D12 /* Frameworks */ = {
			isa = PBXGroup;
			children = (
				4D75DD34ECCB0E725941CEB7 /* Pods_NokhbitElkhsm.framework */,
			);
			name = Frameworks;
			sourceTree = "<group>";
		};
		69D6DA12939DA04E321A4DB1 /* Pods */ = {
			isa = PBXGroup;
			children = (
				96CD269E91042E48DC67D1A3 /* Pods-NokhbitElkhsm.debug.xcconfig */,
				3A2F1933F87341483744E90A /* Pods-NokhbitElkhsm.release.xcconfig */,
			);
			name = Pods;
			sourceTree = "<group>";
		};
		D9DCBBF521EBCA6400D3CC2D = {
			isa = PBXGroup;
			children = (
				D9DCBC0021EBCA6400D3CC2D /* NokhbitElkhsm */,
				D9DCBBFF21EBCA6400D3CC2D /* Products */,
				69D6DA12939DA04E321A4DB1 /* Pods */,
				0537B1223E7563F4CDFF7D12 /* Frameworks */,
			);
			sourceTree = "<group>";
		};
		D9DCBBFF21EBCA6400D3CC2D /* Products */ = {
			isa = PBXGroup;
			children = (
				D9DCBBFE21EBCA6400D3CC2D /* NokhbitElkhsm.app */,
			);
			name = Products;
			sourceTree = "<group>";
		};
		D9DCBC0021EBCA6400D3CC2D /* NokhbitElkhsm */ = {
			isa = PBXGroup;
			children = (
				D9DCBC0121EBCA6400D3CC2D /* AppDelegate.swift */,
				D9DCBC0321EBCA6400D3CC2D /* ViewController.swift */,
				D9DCBC0521EBCA6400D3CC2D /* Main.storyboard */,
				D9DCBC0821EBCA6800D3CC2D /* Assets.xcassets */,
				D9DCBC0A21EBCA6800D3CC2D /* LaunchScreen.storyboard */,
				D9DCBC0D21EBCA6800D3CC2D /* Info.plist */,
			);
			path = NokhbitElkhsm;
			sourceTree = "<group>";
		};
/* End PBXGroup section */

/* Begin PBXNativeTarget section */
		D9DCBBFD21EBCA6400D3CC2D /* NokhbitElkhsm */ = {
			isa = PBXNativeTarget;
			buildConfigurationList = D9DCBC1021EBCA6900D3CC2D /* Build configuration list for PBXNativeTarget "NokhbitElkhsm" */;
			buildPhases = (
				D7AC6806767F754A147E50DE /* [CP] Check Pods Manifest.lock */,
				D9DCBBFA21EBCA6400D3CC2D /* Sources */,
				D9DCBBFB21EBCA6400D3CC2D /* Frameworks */,
				D9DCBBFC21EBCA6400D3CC2D /* Resources */,
				BBA910FB6CDA299EAAC50B88 /* [CP] Embed Pods Frameworks */,
			);
			buildRules = (
			);
			dependencies = (
			);
			name = NokhbitElkhsm;
			productName = NokhbitElkhsm;
			productReference = D9DCBBFE21EBCA6400D3CC2D /* NokhbitElkhsm.app */;
			productType = "com.apple.product-type.application";
		};
/* End PBXNativeTarget section */

/* Begin PBXProject section */
		D9DCBBF621EBCA6400D3CC2D /* Project object */ = {
			isa = PBXProject;
			attributes = {
				LastSwiftUpdateCheck = 1000;
				LastUpgradeCheck = 1000;
				ORGANIZATIONNAME = SAMY;
				TargetAttributes = {
					D9DCBBFD21EBCA6400D3CC2D = {
						CreatedOnToolsVersion = 10.0;
					};
				};
			};
			buildConfigurationList = D9DCBBF921EBCA6400D3CC2D /* Build configuration list for PBXProject "NokhbitElkhsm" */;
			compatibilityVersion = "Xcode 9.3";
			developmentRegion = en;
			hasScannedForEncodings = 0;
			knownRegions = (
				en,
				Base,
			);
			mainGroup = D9DCBBF521EBCA6400D3CC2D;
			productRefGroup = D9DCBBFF21EBCA6400D3CC2D /* Products */;
			projectDirPath = "";
			projectRoot = "";
			targets = (
				D9DCBBFD21EBCA6400D3CC2D /* NokhbitElkhsm */,
			);
		};
/* End PBXProject section */

/* Begin PBXResourcesBuildPhase section */
		D9DCBBFC21EBCA6400D3CC2D /* Resources */ = {
			isa = PBXResourcesBuildPhase;
			buildActionMask = 2147483647;
			files = (
				D9DCBC0C21EBCA6800D3CC2D /* LaunchScreen.storyboard in Resources */,
				D9DCBC0921EBCA6800D3CC2D /* Assets.xcassets in Resources */,
				D9DCBC0721EBCA6400D3CC2D /* Main.storyboard in Resources */,
			);
			runOnlyForDeploymentPostprocessing = 0;
		};
/* End PBXResourcesBuildPhase section */

/* Begin PBXShellScriptBuildPhase section */
		BBA910FB6CDA299EAAC50B88 /* [CP] Embed Pods Frameworks */ = {
			isa = PBXShellScriptBuildPhase;
			buildActionMask = 2147483647;
			files = (
			);
			inputFileListPaths = (
			);
			inputPaths = (
				"${SRCROOT}/Pods/Target Support Files/Pods-NokhbitElkhsm/Pods-NokhbitElkhsm-frameworks.sh",
				"${BUILT_PRODUCTS_DIR}/Alamofire/Alamofire.framework",
				"${BUILT_PRODUCTS_DIR}/DropDown/DropDown.framework",
				"${BUILT_PRODUCTS_DIR}/IQKeyboardManagerSwift/IQKeyboardManagerSwift.framework",
				"${BUILT_PRODUCTS_DIR}/Kingfisher/Kingfisher.framework",
				"${BUILT_PRODUCTS_DIR}/NVActivityIndicatorView/NVActivityIndicatorView.framework",
				"${BUILT_PRODUCTS_DIR}/SwiftMessages/SwiftMessages.framework",
			);
			name = "[CP] Embed Pods Frameworks";
			outputFileListPaths = (
			);
			outputPaths = (
				"${TARGET_BUILD_DIR}/${FRAMEWORKS_FOLDER_PATH}/Alamofire.framework",
				"${TARGET_BUILD_DIR}/${FRAMEWORKS_FOLDER_PATH}/DropDown.framework",
				"${TARGET_BUILD_DIR}/${FRAMEWORKS_FOLDER_PATH}/IQKeyboardManagerSwift.framework",
				"${TARGET_BUILD_DIR}/${FRAMEWORKS_FOLDER_PATH}/Kingfisher.framework",
				"${TARGET_BUILD_DIR}/${FRAMEWORKS_FOLDER_PATH}/NVActivityIndicatorView.framework",
				"${TARGET_BUILD_DIR}/${FRAMEWORKS_FOLDER_PATH}/SwiftMessages.framework",
			);
			runOnlyForDeploymentPostprocessing = 0;
			shellPath = /bin/sh;
			shellScript = "\"${SRCROOT}/Pods/Target Support Files/Pods-NokhbitElkhsm/Pods-NokhbitElkhsm-frameworks.sh\"\n";
			showEnvVarsInLog = 0;
		};
		D7AC6806767F754A147E50DE /* [CP] Check Pods Manifest.lock */ = {
			isa = PBXShellScriptBuildPhase;
			buildActionMask = 2147483647;
			files = (
			);
			inputFileListPaths = (
			);
			inputPaths = (
				"${PODS_PODFILE_DIR_PATH}/Podfile.lock",
				"${PODS_ROOT}/Manifest.lock",
			);
			name = "[CP] Check Pods Manifest.lock";
			outputFileListPaths = (
			);
			outputPaths = (
				"$(DERIVED_FILE_DIR)/Pods-NokhbitElkhsm-checkManifestLockResult.txt",
			);
			runOnlyForDeploymentPostprocessing = 0;
			shellPath = /bin/sh;
			shellScript = "diff \"${PODS_PODFILE_DIR_PATH}/Podfile.lock\" \"${PODS_ROOT}/Manifest.lock\" > /dev/null\nif [ $? != 0 ] ; then\n    # print error to STDERR\n    echo \"error: The sandbox is not in sync with the Podfile.lock. Run 'pod install' or update your CocoaPods installation.\" >&2\n    exit 1\nfi\n# This output is used by Xcode 'outputs' to avoid re-running this script phase.\necho \"SUCCESS\" > \"${SCRIPT_OUTPUT_FILE_0}\"\n";
			showEnvVarsInLog = 0;
		};
/* End PBXShellScriptBuildPhase section */

/* Begin PBXSourcesBuildPhase section */
		D9DCBBFA21EBCA6400D3CC2D /* Sources */ = {
			isa = PBXSourcesBuildPhase;
			buildActionMask = 2147483647;
			files = (
				D9DCBC0421EBCA6400D3CC2D /* ViewController.swift in Sources */,
				D9DCBC0221EBCA6400D3CC2D /* AppDelegate.swift in Sources */,
			);
			runOnlyForDeploymentPostprocessing = 0;
		};
/* End PBXSourcesBuildPhase section */

/* Begin PBXVariantGroup section */
		D9DCBC0521EBCA6400D3CC2D /* Main.storyboard */ = {
			isa = PBXVariantGroup;
			children = (
				D9DCBC0621EBCA6400D3CC2D /* Base */,
			);
			name = Main.storyboard;
			sourceTree = "<group>";
		};
		D9DCBC0A21EBCA6800D3CC2D /* LaunchScreen.storyboard */ = {
			isa = PBXVariantGroup;
			children = (
				D9DCBC0B21EBCA6800D3CC2D /* Base */,
			);
			name = LaunchScreen.storyboard;
			sourceTree = "<group>";
		};
/* End PBXVariantGroup section */

/* Begin XCBuildConfiguration section */
		D9DCBC0E21EBCA6800D3CC2D /* Debug */ = {
			isa = XCBuildConfiguration;
			buildSettings = {
				ALWAYS_SEARCH_USER_PATHS = NO;
				CLANG_ANALYZER_NONNULL = YES;
				CLANG_ANALYZER_NUMBER_OBJECT_CONVERSION = YES_AGGRESSIVE;
				CLANG_CXX_LANGUAGE_STANDARD = "gnu++14";
				CLANG_CXX_LIBRARY = "libc++";
				CLANG_ENABLE_MODULES = YES;
				CLANG_ENABLE_OBJC_ARC = YES;
				CLANG_ENABLE_OBJC_WEAK = YES;
				CLANG_WARN_BLOCK_CAPTURE_AUTORELEASING = YES;
				CLANG_WARN_BOOL_CONVERSION = YES;
				CLANG_WARN_COMMA = YES;
				CLANG_WARN_CONSTANT_CONVERSION = YES;
				CLANG_WARN_DEPRECATED_OBJC_IMPLEMENTATIONS = YES;
				CLANG_WARN_DIRECT_OBJC_ISA_USAGE = YES_ERROR;
				CLANG_WARN_DOCUMENTATION_COMMENTS = YES;
				CLANG_WARN_EMPTY_BODY = YES;
				CLANG_WARN_ENUM_CONVERSION = YES;
				CLANG_WARN_INFINITE_RECURSION = YES;
				CLANG_WARN_INT_CONVERSION = YES;
				CLANG_WARN_NON_LITERAL_NULL_CONVERSION = YES;
				CLANG_WARN_OBJC_IMPLICIT_RETAIN_SELF = YES;
				CLANG_WARN_OBJC_LITERAL_CONVERSION = YES;
				CLANG_WARN_OBJC_ROOT_CLASS = YES_ERROR;
				CLANG_WARN_RANGE_LOOP_ANALYSIS = YES;
				CLANG_WARN_STRICT_PROTOTYPES = YES;
				CLANG_WARN_SUSPICIOUS_MOVE = YES;
				CLANG_WARN_UNGUARDED_AVAILABILITY = YES_AGGRESSIVE;
				CLANG_WARN_UNREACHABLE_CODE = YES;
				CLANG_WARN__DUPLICATE_METHOD_MATCH = YES;
				CODE_SIGN_IDENTITY = "iPhone Developer";
				COPY_PHASE_STRIP = NO;
				DEBUG_INFORMATION_FORMAT = dwarf;
				ENABLE_STRICT_OBJC_MSGSEND = YES;
				ENABLE_TESTABILITY = YES;
				GCC_C_LANGUAGE_STANDARD = gnu11;
				GCC_DYNAMIC_NO_PIC = NO;
				GCC_NO_COMMON_BLOCKS = YES;
				GCC_OPTIMIZATION_LEVEL = 0;
				GCC_PREPROCESSOR_DEFINITIONS = (
					"DEBUG=1",
					"$(inherited)",
				);
				GCC_WARN_64_TO_32_BIT_CONVERSION = YES;
				GCC_WARN_ABOUT_RETURN_TYPE = YES_ERROR;
				GCC_WARN_UNDECLARED_SELECTOR = YES;
				GCC_WARN_UNINITIALIZED_AUTOS = YES_AGGRESSIVE;
				GCC_WARN_UNUSED_FUNCTION = YES;
				GCC_WARN_UNUSED_VARIABLE = YES;
				IPHONEOS_DEPLOYMENT_TARGET = 12.0;
				MTL_ENABLE_DEBUG_INFO = INCLUDE_SOURCE;
				MTL_FAST_MATH = YES;
				ONLY_ACTIVE_ARCH = YES;
				SDKROOT = iphoneos;
				SWIFT_ACTIVE_COMPILATION_CONDITIONS = DEBUG;
				SWIFT_OPTIMIZATION_LEVEL = "-Onone";
			};
			name = Debug;
		};
		D9DCBC0F21EBCA6800D3CC2D /* Release */ = {
			isa = XCBuildConfiguration;
			buildSettings = {
				ALWAYS_SEARCH_USER_PATHS = NO;
				CLANG_ANALYZER_NONNULL = YES;
				CLANG_ANALYZER_NUMBER_OBJECT_CONVERSION = YES_AGGRESSIVE;
				CLANG_CXX_LANGUAGE_STANDARD = "gnu++14";
				CLANG_CXX_LIBRARY = "libc++";
				CLANG_ENABLE_MODULES = YES;
				CLANG_ENABLE_OBJC_ARC = YES;
				CLANG_ENABLE_OBJC_WEAK = YES;
				CLANG_WARN_BLOCK_CAPTURE_AUTORELEASING = YES;
				CLANG_WARN_BOOL_CONVERSION = YES;
				CLANG_WARN_COMMA = YES;
				CLANG_WARN_CONSTANT_CONVERSION = YES;
				CLANG_WARN_DEPRECATED_OBJC_IMPLEMENTATIONS = YES;
				CLANG_WARN_DIRECT_OBJC_ISA_USAGE = YES_ERROR;
				CLANG_WARN_DOCUMENTATION_COMMENTS = YES;
				CLANG_WARN_EMPTY_BODY = YES;
				CLANG_WARN_ENUM_CONVERSION = YES;
				CLANG_WARN_INFINITE_RECURSION = YES;
				CLANG_WARN_INT_CONVERSION = YES;
				CLANG_WARN_NON_LITERAL_NULL_CONVERSION = YES;
				CLANG_WARN_OBJC_IMPLICIT_RETAIN_SELF = YES;
				CLANG_WARN_OBJC_LITERAL_CONVERSION = YES;
				CLANG_WARN_OBJC_ROOT_CLASS = YES_ERROR;
				CLANG_WARN_RANGE_LOOP_ANALYSIS = YES;
				CLANG_WARN_STRICT_PROTOTYPES = YES;
				CLANG_WARN_SUSPICIOUS_MOVE = YES;
				CLANG_WARN_UNGUARDED_AVAILABILITY = YES_AGGRESSIVE;
				CLANG_WARN_UNREACHABLE_CODE = YES;
				CLANG_WARN__DUPLICATE_METHOD_MATCH = YES;
				CODE_SIGN_IDENTITY = "iPhone Developer";
				COPY_PHASE_STRIP = NO;
				DEBUG_INFORMATION_FORMAT = "dwarf-with-dsym";
				ENABLE_NS_ASSERTIONS = NO;
				ENABLE_STRICT_OBJC_MSGSEND = YES;
				GCC_C_LANGUAGE_STANDARD = gnu11;
				GCC_NO_COMMON_BLOCKS = YES;
				GCC_WARN_64_TO_32_BIT_CONVERSION = YES;
				GCC_WARN_ABOUT_RETURN_TYPE = YES_ERROR;
				GCC_WARN_UNDECLARED_SELECTOR = YES;
				GCC_WARN_UNINITIALIZED_AUTOS = YES_AGGRESSIVE;
				GCC_WARN_UNUSED_FUNCTION = YES;
				GCC_WARN_UNUSED_VARIABLE = YES;
				IPHONEOS_DEPLOYMENT_TARGET = 12.0;
				MTL_ENABLE_DEBUG_INFO = NO;
				MTL_FAST_MATH = YES;
				SDKROOT = iphoneos;
				SWIFT_COMPILATION_MODE = wholemodule;
				SWIFT_OPTIMIZATION_LEVEL = "-O";
				VALIDATE_PRODUCT = YES;
			};
			name = Release;
		};
		D9DCBC1121EBCA6900D3CC2D /* Debug */ = {
			isa = XCBuildConfiguration;
			baseConfigurationReference = 96CD269E91042E48DC67D1A3 /* Pods-NokhbitElkhsm.debug.xcconfig */;
			buildSettings = {
				ASSETCATALOG_COMPILER_APPICON_NAME = AppIcon;
				CODE_SIGN_STYLE = Automatic;
				INFOPLIST_FILE = NokhbitElkhsm/Info.plist;
				IPHONEOS_DEPLOYMENT_TARGET = 10.0;
				LD_RUNPATH_SEARCH_PATHS = (
					"$(inherited)",
					"@executable_path/Frameworks",
				);
				PRODUCT_BUNDLE_IDENTIFIER = com.samy.NokhbitElkhsm;
				PRODUCT_NAME = "$(TARGET_NAME)";
				SWIFT_VERSION = 4.2;
				TARGETED_DEVICE_FAMILY = 1;
			};
			name = Debug;
		};
		D9DCBC1221EBCA6900D3CC2D /* Release */ = {
			isa = XCBuildConfiguration;
			baseConfigurationReference = 3A2F1933F87341483744E90A /* Pods-NokhbitElkhsm.release.xcconfig */;
			buildSettings = {
				ASSETCATALOG_COMPILER_APPICON_NAME = AppIcon;
				CODE_SIGN_STYLE = Automatic;
				INFOPLIST_FILE = NokhbitElkhsm/Info.plist;
				IPHONEOS_DEPLOYMENT_TARGET = 10.0;
				LD_RUNPATH_SEARCH_PATHS = (
					"$(inherited)",
					"@executable_path/Frameworks",
				);
				PRODUCT_BUNDLE_IDENTIFIER = com.samy.NokhbitElkhsm;
				PRODUCT_NAME = "$(TARGET_NAME)";
				SWIFT_VERSION = 4.2;
				TARGETED_DEVICE_FAMILY = 1;
			};
			name = Release;
		};
/* End XCBuildConfiguration section */

/* Begin XCConfigurationList section */
		D9DCBBF921EBCA6400D3CC2D /* Build configuration list for PBXProject "NokhbitElkhsm" */ = {
			isa = XCConfigurationList;
			buildConfigurations = (
				D9DCBC0E21EBCA6800D3CC2D /* Debug */,
				D9DCBC0F21EBCA6800D3CC2D /* Release */,
			);
			defaultConfigurationIsVisible = 0;
			defaultConfigurationName = Release;
		};
		D9DCBC1021EBCA6900D3CC2D /* Build configuration list for PBXNativeTarget "NokhbitElkhsm" */ = {
			isa = XCConfigurationList;
			buildConfigurations = (
				D9DCBC1121EBCA6900D3CC2D /* Debug */,
				D9DCBC1221EBCA6900D3CC2D /* Release */,
			);
			defaultConfigurationIsVisible = 0;
			defaultConfigurationName = Release;
		};
/* End XCConfigurationList section */
	};
	rootObject = D9DCBBF621EBCA6400D3CC2D /* Project object */;
}
